
Microsoft Visual Studio Solution File, Format Version 12.00
# Visual Studio Version 17
VisualStudioVersion = 17.14.36414.22 d17.14
MinimumVisualStudioVersion = 10.0.40219.1
Project("{FAE04EC0-301F-11D3-BF4B-00C04F79EFBC}") = "Konyvtarapp", "Konyvtarapp.csproj", "{2082EBB2-EE0E-4B38-A17C-F88C7E7D19E1}"
EndProject
Global
	GlobalSection(SolutionConfigurationPlatforms) = preSolution
		Debug|Any CPU = Debug|Any CPU
		Release|Any CPU = Release|Any CPU
	EndGlobalSection
	GlobalSection(ProjectConfigurationPlatforms) = postSolution
		{2082EBB2-EE0E-4B38-A17C-F88C7E7D19E1}.Debug|Any CPU.ActiveCfg = Debug|Any CPU
		{2082EBB2-EE0E-4B38-A17C-F88C7E7D19E1}.Debug|Any CPU.Build.0 = Debug|Any CPU
		{2082EBB2-EE0E-4B38-A17C-F88C7E7D19E1}.Release|Any CPU.ActiveCfg = Release|Any CPU
		{2082EBB2-EE0E-4B38-A17C-F88C7E7D19E1}.Release|Any CPU.Build.0 = Release|Any CPU
	EndGlobalSection
	GlobalSection(SolutionProperties) = preSolution
		HideSolutionNode = FALSE
	EndGlobalSection
	GlobalSection(ExtensibilityGlobals) = postSolution
		SolutionGuid = {8F341984-D867-4B41-8EBE-8681D9B784EF}
	EndGlobalSection
EndGlobal
